
Microsoft Visual Studio Solution File, Format Version 12.00
# Visual Studio 15
VisualStudioVersion = 15.0.27004.2009
MinimumVisualStudioVersion = 10.0.40219.1
Project("{FAE04EC0-301F-11D3-BF4B-00C04F79EFBC}") = "MyValidate", "MyValidate\MyValidate.csproj", "{645A7C36-041C-43EB-8243-CE7F894F2338}"
EndProject
Project("{FAE04EC0-301F-11D3-BF4B-00C04F79EFBC}") = "DemoValidate", "DemoValidate\DemoValidate.csproj", "{9056E394-58A9-4136-9E5F-AA5B9D9660A8}"
EndProject
Global
	GlobalSection(SolutionConfigurationPlatforms) = preSolution
		Debug|Any CPU = Debug|Any CPU
		Release|Any CPU = Release|Any CPU
	EndGlobalSection
	GlobalSection(ProjectConfigurationPlatforms) = postSolution
		{645A7C36-041C-43EB-8243-CE7F894F2338}.Debug|Any CPU.ActiveCfg = Debug|Any CPU
		{645A7C36-041C-43EB-8243-CE7F894F2338}.Debug|Any CPU.Build.0 = Debug|Any CPU
		{645A7C36-041C-43EB-8243-CE7F894F2338}.Release|Any CPU.ActiveCfg = Release|Any CPU
		{645A7C36-041C-43EB-8243-CE7F894F2338}.Release|Any CPU.Build.0 = Release|Any CPU
		{9056E394-58A9-4136-9E5F-AA5B9D9660A8}.Debug|Any CPU.ActiveCfg = Debug|Any CPU
		{9056E394-58A9-4136-9E5F-AA5B9D9660A8}.Debug|Any CPU.Build.0 = Debug|Any CPU
		{9056E394-58A9-4136-9E5F-AA5B9D9660A8}.Release|Any CPU.ActiveCfg = Release|Any CPU
		{9056E394-58A9-4136-9E5F-AA5B9D9660A8}.Release|Any CPU.Build.0 = Release|Any CPU
	EndGlobalSection
	GlobalSection(SolutionProperties) = preSolution
		HideSolutionNode = FALSE
	EndGlobalSection
	GlobalSection(ExtensibilityGlobals) = postSolution
		SolutionGuid = {D74CB6A6-564C-4438-A1C8-CFDCBC2B46C1}
	EndGlobalSection
EndGlobal
